<?xml version="1.0" encoding="utf-8"?>
<Project ToolsVersion="4.0" xmlns="http://schemas.microsoft.com/developer/msbuild/2003">
  <ItemGroup>
    <Filter Include="소스 파일">
      <UniqueIdentifier>{4FC737F1-C7A5-4376-A066-2A32D752A2FF}</UniqueIdentifier>
      <Extensions>cpp;c;cc;cxx;def;odl;idl;hpj;bat;asm;asmx</Extensions>
    </Filter>
    <Filter Include="헤더 파일">
      <UniqueIdentifier>{93995380-89BD-4b04-88EB-625FBE52EBFB}</UniqueIdentifier>
      <Extensions>h;hh;hpp;hxx;hm;inl;inc;xsd</Extensions>
    </Filter>
    <Filter Include="리소스 파일">
      <UniqueIdentifier>{67DA6AB6-F800-4c08-8B7A-83BB121AAD01}</UniqueIdentifier>
      <Extensions>rc;ico;cur;bmp;dlg;rc2;rct;bin;rgs;gif;jpg;jpeg;jpe;resx;tiff;tif;png;wav;mfcribbon-ms</Extensions>
    </Filter>
  </ItemGroup>
  <ItemGroup>
    <ClCompile Include="cGame.cc">
      <Filter>소스 파일</Filter>
    </ClCompile>
    <ClCompile Include="cPlayer.cc">
      <Filter>소스 파일</Filter>
    </ClCompile>
    <ClCompile Include="cScene.cc">
      <Filter>소스 파일</Filter>
    </ClCompile>
    <ClCompile Include="cTexture.cc">
      <Filter>소스 파일</Filter>
    </ClCompile>
    <ClCompile Include="cObject.cc">
      <Filter>소스 파일</Filter>
    </ClCompile>
    <ClCompile Include="main.cpp">
      <Filter>소스 파일</Filter>
    </ClCompile>
    <ClCompile Include="cWeapon.cc">
      <Filter>소스 파일</Filter>
    </ClCompile>
    <ClCompile Include="cEnemy.cpp">
      <Filter>소스 파일</Filter>
    </ClCompile>
    <ClCompile Include="cIO.cpp">
      <Filter>소스 파일</Filter>
    </ClCompile>
  </ItemGroup>
  <ItemGroup>
    <ClInclude Include="cPlayer.h">
      <Filter>헤더 파일</Filter>
    </ClInclude>
    <ClInclude Include="cScene.h">
      <Filter>헤더 파일</Filter>
    </ClInclude>
    <ClInclude Include="cTexture.h">
      <Filter>헤더 파일</Filter>
    </ClInclude>
    <ClInclude Include="cGame.h">
      <Filter>헤더 파일</Filter>
    </ClInclude>
    <ClInclude Include="Globals.h">
      <Filter>헤더 파일</Filter>
    </ClInclude>
    <ClInclude Include="cTimer.h">
      <Filter>헤더 파일</Filter>
    </ClInclude>
    <ClInclude Include="cObject.h">
      <Filter>헤더 파일</Filter>
    </ClInclude>
    <ClInclude Include="cWeapon.h">
      <Filter>헤더 파일</Filter>
    </ClInclude>
    <ClInclude Include="cEnemy.h">
      <Filter>헤더 파일</Filter>
    </ClInclude>
    <ClInclude Include="cIO.h">
      <Filter>헤더 파일</Filter>
    </ClInclude>
  </ItemGroup>
  <ItemGroup>
    <None Include="ClassDiagram2.cd" />
    <None Include="ClassDiagram.cd" />
  </ItemGroup>
</Project>